
Microsoft Visual Studio Solution File, Format Version 12.00
# Visual Studio 15
VisualStudioVersion = 15.0.28307.2092
MinimumVisualStudioVersion = 10.0.40219.1
Project("{8BC9CEB8-8B4A-11D0-8D11-00A0C91BC942}") = "HM7 P17", "HM7 P17\HM7 P17.vcxproj", "{F2C8BE5F-A9AA-4999-B772-3439EDD3DC68}"
EndProject
Global
	GlobalSection(SolutionConfigurationPlatforms) = preSolution
		Debug|x64 = Debug|x64
		Debug|x86 = Debug|x86
		Release|x64 = Release|x64
		Release|x86 = Release|x86
	EndGlobalSection
	GlobalSection(ProjectConfigurationPlatforms) = postSolution
		{F2C8BE5F-A9AA-4999-B772-3439EDD3DC68}.Debug|x64.ActiveCfg = Debug|x64
		{F2C8BE5F-A9AA-4999-B772-3439EDD3DC68}.Debug|x64.Build.0 = Debug|x64
		{F2C8BE5F-A9AA-4999-B772-3439EDD3DC68}.Debug|x86.ActiveCfg = Debug|Win32
		{F2C8BE5F-A9AA-4999-B772-3439EDD3DC68}.Debug|x86.Build.0 = Debug|Win32
		{F2C8BE5F-A9AA-4999-B772-3439EDD3DC68}.Release|x64.ActiveCfg = Release|x64
		{F2C8BE5F-A9AA-4999-B772-3439EDD3DC68}.Release|x64.Build.0 = Release|x64
		{F2C8BE5F-A9AA-4999-B772-3439EDD3DC68}.Release|x86.ActiveCfg = Release|Win32
		{F2C8BE5F-A9AA-4999-B772-3439EDD3DC68}.Release|x86.Build.0 = Release|Win32
	EndGlobalSection
	GlobalSection(SolutionProperties) = preSolution
		HideSolutionNode = FALSE
	EndGlobalSection
	GlobalSection(ExtensibilityGlobals) = postSolution
		SolutionGuid = {BBDE5E74-A47A-4BD1-875D-06ADA672A976}
	EndGlobalSection
EndGlobal
